
Microsoft Visual Studio Solution File, Format Version 12.00
# Visual Studio 15
VisualStudioVersion = 15.0.27703.2035
MinimumVisualStudioVersion = 10.0.40219.1
Project("{8BC9CEB8-8B4A-11D0-8D11-00A0C91BC942}") = "MinDecorator", "MinDecorator\MinDecorator.vcxproj", "{21098D60-C5A7-432B-B3A1-1E159082E3BF}"
EndProject
Global
	GlobalSection(SolutionConfigurationPlatforms) = preSolution
		Debug|x64 = Debug|x64
		Debug|x86 = Debug|x86
		Release|x64 = Release|x64
		Release|x86 = Release|x86
	EndGlobalSection
	GlobalSection(ProjectConfigurationPlatforms) = postSolution
		{21098D60-C5A7-432B-B3A1-1E159082E3BF}.Debug|x64.ActiveCfg = Debug|x64
		{21098D60-C5A7-432B-B3A1-1E159082E3BF}.Debug|x64.Build.0 = Debug|x64
		{21098D60-C5A7-432B-B3A1-1E159082E3BF}.Debug|x86.ActiveCfg = Debug|Win32
		{21098D60-C5A7-432B-B3A1-1E159082E3BF}.Debug|x86.Build.0 = Debug|Win32
		{21098D60-C5A7-432B-B3A1-1E159082E3BF}.Release|x64.ActiveCfg = Release|x64
		{21098D60-C5A7-432B-B3A1-1E159082E3BF}.Release|x64.Build.0 = Release|x64
		{21098D60-C5A7-432B-B3A1-1E159082E3BF}.Release|x86.ActiveCfg = Release|Win32
		{21098D60-C5A7-432B-B3A1-1E159082E3BF}.Release|x86.Build.0 = Release|Win32
	EndGlobalSection
	GlobalSection(SolutionProperties) = preSolution
		HideSolutionNode = FALSE
	EndGlobalSection
	GlobalSection(ExtensibilityGlobals) = postSolution
		SolutionGuid = {C0FD37D3-1CC8-44D7-A6FA-1DDEE28270A8}
	EndGlobalSection
EndGlobal
